
Microsoft Visual Studio Solution File, Format Version 12.00
# Visual Studio Version 17
VisualStudioVersion = 17.5.33627.172
MinimumVisualStudioVersion = 10.0.40219.1
Project("{FAE04EC0-301F-11D3-BF4B-00C04F79EFBC}") = "Penman.EpubSharp.ExampleApp", "Penman.EpubSharp.ExampleApp.csproj", "{17EC86D3-F43A-4BAB-9777-098F0BACB598}"
EndProject
Project("{9A19103F-16F7-4668-BE54-9A1E7A4F7556}") = "Penman.EpubSharp", "..\Penman.EpubSharp\Penman.EpubSharp.csproj", "{A9E4AE27-23AB-4A8F-A13F-9DAC03291255}"
EndProject
Global
	GlobalSection(SolutionConfigurationPlatforms) = preSolution
		Debug|Any CPU = Debug|Any CPU
		Release|Any CPU = Release|Any CPU
	EndGlobalSection
	GlobalSection(ProjectConfigurationPlatforms) = postSolution
		{17EC86D3-F43A-4BAB-9777-098F0BACB598}.Debug|Any CPU.ActiveCfg = Debug|Any CPU
		{17EC86D3-F43A-4BAB-9777-098F0BACB598}.Debug|Any CPU.Build.0 = Debug|Any CPU
		{17EC86D3-F43A-4BAB-9777-098F0BACB598}.Release|Any CPU.ActiveCfg = Release|Any CPU
		{17EC86D3-F43A-4BAB-9777-098F0BACB598}.Release|Any CPU.Build.0 = Release|Any CPU
		{A9E4AE27-23AB-4A8F-A13F-9DAC03291255}.Debug|Any CPU.ActiveCfg = Debug|Any CPU
		{A9E4AE27-23AB-4A8F-A13F-9DAC03291255}.Debug|Any CPU.Build.0 = Debug|Any CPU
		{A9E4AE27-23AB-4A8F-A13F-9DAC03291255}.Release|Any CPU.ActiveCfg = Release|Any CPU
		{A9E4AE27-23AB-4A8F-A13F-9DAC03291255}.Release|Any CPU.Build.0 = Release|Any CPU
	EndGlobalSection
	GlobalSection(SolutionProperties) = preSolution
		HideSolutionNode = FALSE
	EndGlobalSection
	GlobalSection(ExtensibilityGlobals) = postSolution
		SolutionGuid = {650F147C-57A4-4F57-9F2A-61E68EB6BA22}
	EndGlobalSection
EndGlobal
